// !$*UTF8*$!
{
	archiveVersion = 1;
	classes = {
	};
	objectVersion = 51;
	objects = {

/* Begin PBXBuildFile section */
		3D9CDCD724342F8800C327E5 /* Design.swift in Sources */ = {isa = PBXBuildFile; fileRef = 3D9CDCD624342F8800C327E5 /* Design.swift */; };
		3D9CDCD924364D5800C327E5 /* HomeViewController.swift in Sources */ = {isa = PBXBuildFile; fileRef = 3D9CDCD824364D5800C327E5 /* HomeViewController.swift */; };
		3D9CDCDB2436991400C327E5 /* SignInViewController.swift in Sources */ = {isa = PBXBuildFile; fileRef = 3D9CDCDA2436991400C327E5 /* SignInViewController.swift */; };
		3DE8D6A5243306FD005DF111 /* AppDelegate.swift in Sources */ = {isa = PBXBuildFile; fileRef = 3DE8D6A4243306FD005DF111 /* AppDelegate.swift */; };
		3DE8D6A7243306FD005DF111 /* SceneDelegate.swift in Sources */ = {isa = PBXBuildFile; fileRef = 3DE8D6A6243306FD005DF111 /* SceneDelegate.swift */; };
		3DE8D6A9243306FD005DF111 /* SignupViewController.swift in Sources */ = {isa = PBXBuildFile; fileRef = 3DE8D6A8243306FD005DF111 /* SignupViewController.swift */; };
		3DE8D6AE243306FF005DF111 /* Assets.xcassets in Resources */ = {isa = PBXBuildFile; fileRef = 3DE8D6AD243306FF005DF111 /* Assets.xcassets */; };
		3DE8D6B1243306FF005DF111 /* LaunchScreen.storyboard in Resources */ = {isa = PBXBuildFile; fileRef = 3DE8D6AF243306FF005DF111 /* LaunchScreen.storyboard */; };
		3DE8D6BC243306FF005DF111 /* bbiosTests.swift in Sources */ = {isa = PBXBuildFile; fileRef = 3DE8D6BB243306FF005DF111 /* bbiosTests.swift */; };
		3DE8D6C7243306FF005DF111 /* bbiosUITests.swift in Sources */ = {isa = PBXBuildFile; fileRef = 3DE8D6C6243306FF005DF111 /* bbiosUITests.swift */; };
		3DE8D6D524331153005DF111 /* GoogleService-Info.plist in Resources */ = {isa = PBXBuildFile; fileRef = 3DE8D6D424331153005DF111 /* GoogleService-Info.plist */; };
		4B8F275A080E9E4597CB15AC /* Pods_bbios_bbiosUITests.framework in Frameworks */ = {isa = PBXBuildFile; fileRef = 0FA6C8EC1280AE541583C1A8 /* Pods_bbios_bbiosUITests.framework */; };
		6E2F9B8F1A3316807F0634EF /* Pods_bbios.framework in Frameworks */ = {isa = PBXBuildFile; fileRef = 6DB8594DC6311BE77E42E9D1 /* Pods_bbios.framework */; };
		B71F8AE3DC3E96A40E3F5FC0 /* Pods_bbiosTests.framework in Frameworks */ = {isa = PBXBuildFile; fileRef = E79F00B96DEADEC39F6A726D /* Pods_bbiosTests.framework */; };
/* End PBXBuildFile section */

/* Begin PBXContainerItemProxy section */
		3DE8D6B8243306FF005DF111 /* PBXContainerItemProxy */ = {
			isa = PBXContainerItemProxy;
			containerPortal = 3DE8D699243306FD005DF111 /* Project object */;
			proxyType = 1;
			remoteGlobalIDString = 3DE8D6A0243306FD005DF111;
			remoteInfo = bbios;
		};
		3DE8D6C3243306FF005DF111 /* PBXContainerItemProxy */ = {
			isa = PBXContainerItemProxy;
			containerPortal = 3DE8D699243306FD005DF111 /* Project object */;
			proxyType = 1;
			remoteGlobalIDString = 3DE8D6A0243306FD005DF111;
			remoteInfo = bbios;
		};
/* End PBXContainerItemProxy section */

/* Begin PBXFileReference section */
		0FA6C8EC1280AE541583C1A8 /* Pods_bbios_bbiosUITests.framework */ = {isa = PBXFileReference; explicitFileType = wrapper.framework; includeInIndex = 0; path = Pods_bbios_bbiosUITests.framework; sourceTree = BUILT_PRODUCTS_DIR; };
		3D9CDCD624342F8800C327E5 /* Design.swift */ = {isa = PBXFileReference; lastKnownFileType = sourcecode.swift; path = Design.swift; sourceTree = "<group>"; };
		3D9CDCD824364D5800C327E5 /* HomeViewController.swift */ = {isa = PBXFileReference; lastKnownFileType = sourcecode.swift; path = HomeViewController.swift; sourceTree = "<group>"; };
		3D9CDCDA2436991400C327E5 /* SignInViewController.swift */ = {isa = PBXFileReference; lastKnownFileType = sourcecode.swift; path = SignInViewController.swift; sourceTree = "<group>"; };
		3DE8D6A1243306FD005DF111 /* bbios.app */ = {isa = PBXFileReference; explicitFileType = wrapper.application; includeInIndex = 0; path = bbios.app; sourceTree = BUILT_PRODUCTS_DIR; };
		3DE8D6A4243306FD005DF111 /* AppDelegate.swift */ = {isa = PBXFileReference; lastKnownFileType = sourcecode.swift; path = AppDelegate.swift; sourceTree = "<group>"; };
		3DE8D6A6243306FD005DF111 /* SceneDelegate.swift */ = {isa = PBXFileReference; lastKnownFileType = sourcecode.swift; path = SceneDelegate.swift; sourceTree = "<group>"; };
		3DE8D6A8243306FD005DF111 /* SignupViewController.swift */ = {isa = PBXFileReference; lastKnownFileType = sourcecode.swift; path = SignupViewController.swift; sourceTree = "<group>"; };
		3DE8D6AD243306FF005DF111 /* Assets.xcassets */ = {isa = PBXFileReference; lastKnownFileType = folder.assetcatalog; path = Assets.xcassets; sourceTree = "<group>"; };
		3DE8D6B0243306FF005DF111 /* Base */ = {isa = PBXFileReference; lastKnownFileType = file.storyboard; name = Base; path = Base.lproj/LaunchScreen.storyboard; sourceTree = "<group>"; };
		3DE8D6B2243306FF005DF111 /* Info.plist */ = {isa = PBXFileReference; lastKnownFileType = text.plist.xml; path = Info.plist; sourceTree = "<group>"; };
		3DE8D6B7243306FF005DF111 /* bbiosTests.xctest */ = {isa = PBXFileReference; explicitFileType = wrapper.cfbundle; includeInIndex = 0; path = bbiosTests.xctest; sourceTree = BUILT_PRODUCTS_DIR; };
		3DE8D6BB243306FF005DF111 /* bbiosTests.swift */ = {isa = PBXFileReference; lastKnownFileType = sourcecode.swift; path = bbiosTests.swift; sourceTree = "<group>"; };
		3DE8D6BD243306FF005DF111 /* Info.plist */ = {isa = PBXFileReference; lastKnownFileType = text.plist.xml; path = Info.plist; sourceTree = "<group>"; };
		3DE8D6C2243306FF005DF111 /* bbiosUITests.xctest */ = {isa = PBXFileReference; explicitFileType = wrapper.cfbundle; includeInIndex = 0; path = bbiosUITests.xctest; sourceTree = BUILT_PRODUCTS_DIR; };
		3DE8D6C6243306FF005DF111 /* bbiosUITests.swift */ = {isa = PBXFileReference; lastKnownFileType = sourcecode.swift; path = bbiosUITests.swift; sourceTree = "<group>"; };
		3DE8D6C8243306FF005DF111 /* Info.plist */ = {isa = PBXFileReference; lastKnownFileType = text.plist.xml; path = Info.plist; sourceTree = "<group>"; };
		3DE8D6D424331153005DF111 /* GoogleService-Info.plist */ = {isa = PBXFileReference; fileEncoding = 4; lastKnownFileType = text.plist.xml; name = "GoogleService-Info.plist"; path = "../../../Downloads/GoogleService-Info.plist"; sourceTree = "<group>"; };
		461043F11846A328B187366B /* Pods-bbiosTests.debug.xcconfig */ = {isa = PBXFileReference; includeInIndex = 1; lastKnownFileType = text.xcconfig; name = "Pods-bbiosTests.debug.xcconfig"; path = "Target Support Files/Pods-bbiosTests/Pods-bbiosTests.debug.xcconfig"; sourceTree = "<group>"; };
		6DB8594DC6311BE77E42E9D1 /* Pods_bbios.framework */ = {isa = PBXFileReference; explicitFileType = wrapper.framework; includeInIndex = 0; path = Pods_bbios.framework; sourceTree = BUILT_PRODUCTS_DIR; };
		77F92568EBF823B9123D9087 /* Pods-bbios-bbiosUITests.debug.xcconfig */ = {isa = PBXFileReference; includeInIndex = 1; lastKnownFileType = text.xcconfig; name = "Pods-bbios-bbiosUITests.debug.xcconfig"; path = "Target Support Files/Pods-bbios-bbiosUITests/Pods-bbios-bbiosUITests.debug.xcconfig"; sourceTree = "<group>"; };
		AA2344CB148EB1D9D021E50F /* Pods-bbios.release.xcconfig */ = {isa = PBXFileReference; includeInIndex = 1; lastKnownFileType = text.xcconfig; name = "Pods-bbios.release.xcconfig"; path = "Target Support Files/Pods-bbios/Pods-bbios.release.xcconfig"; sourceTree = "<group>"; };
		CF117A31DCAC62F0FFD350A9 /* Pods-bbios.debug.xcconfig */ = {isa = PBXFileReference; includeInIndex = 1; lastKnownFileType = text.xcconfig; name = "Pods-bbios.debug.xcconfig"; path = "Target Support Files/Pods-bbios/Pods-bbios.debug.xcconfig"; sourceTree = "<group>"; };
		CF92DCEC8C0977F9ABAF27DE /* Pods-bbios-bbiosUITests.release.xcconfig */ = {isa = PBXFileReference; includeInIndex = 1; lastKnownFileType = text.xcconfig; name = "Pods-bbios-bbiosUITests.release.xcconfig"; path = "Target Support Files/Pods-bbios-bbiosUITests/Pods-bbios-bbiosUITests.release.xcconfig"; sourceTree = "<group>"; };
		E79F00B96DEADEC39F6A726D /* Pods_bbiosTests.framework */ = {isa = PBXFileReference; explicitFileType = wrapper.framework; includeInIndex = 0; path = Pods_bbiosTests.framework; sourceTree = BUILT_PRODUCTS_DIR; };
		F9F76EE74A46F2F82A542292 /* Pods-bbiosTests.release.xcconfig */ = {isa = PBXFileReference; includeInIndex = 1; lastKnownFileType = text.xcconfig; name = "Pods-bbiosTests.release.xcconfig"; path = "Target Support Files/Pods-bbiosTests/Pods-bbiosTests.release.xcconfig"; sourceTree = "<group>"; };
/* End PBXFileReference section */

/* Begin PBXFrameworksBuildPhase section */
		3DE8D69E243306FD005DF111 /* Frameworks */ = {
			isa = PBXFrameworksBuildPhase;
			buildActionMask = 2147483647;
			files = (
				6E2F9B8F1A3316807F0634EF /* Pods_bbios.framework in Frameworks */,
			);
			runOnlyForDeploymentPostprocessing = 0;
		};
		3DE8D6B4243306FF005DF111 /* Frameworks */ = {
			isa = PBXFrameworksBuildPhase;
			buildActionMask = 2147483647;
			files = (
				B71F8AE3DC3E96A40E3F5FC0 /* Pods_bbiosTests.framework in Frameworks */,
			);
			runOnlyForDeploymentPostprocessing = 0;
		};
		3DE8D6BF243306FF005DF111 /* Frameworks */ = {
			isa = PBXFrameworksBuildPhase;
			buildActionMask = 2147483647;
			files = (
				4B8F275A080E9E4597CB15AC /* Pods_bbios_bbiosUITests.framework in Frameworks */,
			);
			runOnlyForDeploymentPostprocessing = 0;
		};
/* End PBXFrameworksBuildPhase section */

/* Begin PBXGroup section */
		23AD43658E505393AE4B8E66 /* Pods */ = {
			isa = PBXGroup;
			children = (
				CF117A31DCAC62F0FFD350A9 /* Pods-bbios.debug.xcconfig */,
				AA2344CB148EB1D9D021E50F /* Pods-bbios.release.xcconfig */,
				77F92568EBF823B9123D9087 /* Pods-bbios-bbiosUITests.debug.xcconfig */,
				CF92DCEC8C0977F9ABAF27DE /* Pods-bbios-bbiosUITests.release.xcconfig */,
				461043F11846A328B187366B /* Pods-bbiosTests.debug.xcconfig */,
				F9F76EE74A46F2F82A542292 /* Pods-bbiosTests.release.xcconfig */,
			);
			path = Pods;
			sourceTree = "<group>";
		};
		3DE8D698243306FD005DF111 = {
			isa = PBXGroup;
			children = (
				3DE8D6A3243306FD005DF111 /* bbios */,
				3DE8D6BA243306FF005DF111 /* bbiosTests */,
				3DE8D6C5243306FF005DF111 /* bbiosUITests */,
				3DE8D6A2243306FD005DF111 /* Products */,
				23AD43658E505393AE4B8E66 /* Pods */,
				A49884EBA7C899E4841DB24E /* Frameworks */,
			);
			sourceTree = "<group>";
		};
		3DE8D6A2243306FD005DF111 /* Products */ = {
			isa = PBXGroup;
			children = (
				3DE8D6A1243306FD005DF111 /* bbios.app */,
				3DE8D6B7243306FF005DF111 /* bbiosTests.xctest */,
				3DE8D6C2243306FF005DF111 /* bbiosUITests.xctest */,
			);
			name = Products;
			sourceTree = "<group>";
		};
		3DE8D6A3243306FD005DF111 /* bbios */ = {
			isa = PBXGroup;
			children = (
				3DE8D6A4243306FD005DF111 /* AppDelegate.swift */,
				3DE8D6A6243306FD005DF111 /* SceneDelegate.swift */,
				3DE8D6A8243306FD005DF111 /* SignupViewController.swift */,
				3DE8D6AD243306FF005DF111 /* Assets.xcassets */,
				3DE8D6AF243306FF005DF111 /* LaunchScreen.storyboard */,
				3DE8D6D424331153005DF111 /* GoogleService-Info.plist */,
				3DE8D6B2243306FF005DF111 /* Info.plist */,
				3D9CDCD624342F8800C327E5 /* Design.swift */,
				3D9CDCD824364D5800C327E5 /* HomeViewController.swift */,
				3D9CDCDA2436991400C327E5 /* SignInViewController.swift */,
			);
			path = bbios;
			sourceTree = "<group>";
		};
		3DE8D6BA243306FF005DF111 /* bbiosTests */ = {
			isa = PBXGroup;
			children = (
				3DE8D6BB243306FF005DF111 /* bbiosTests.swift */,
				3DE8D6BD243306FF005DF111 /* Info.plist */,
			);
			path = bbiosTests;
			sourceTree = "<group>";
		};
		3DE8D6C5243306FF005DF111 /* bbiosUITests */ = {
			isa = PBXGroup;
			children = (
				3DE8D6C6243306FF005DF111 /* bbiosUITests.swift */,
				3DE8D6C8243306FF005DF111 /* Info.plist */,
			);
			path = bbiosUITests;
			sourceTree = "<group>";
		};
		A49884EBA7C899E4841DB24E /* Frameworks */ = {
			isa = PBXGroup;
			children = (
				6DB8594DC6311BE77E42E9D1 /* Pods_bbios.framework */,
				0FA6C8EC1280AE541583C1A8 /* Pods_bbios_bbiosUITests.framework */,
				E79F00B96DEADEC39F6A726D /* Pods_bbiosTests.framework */,
			);
			name = Frameworks;
			sourceTree = "<group>";
		};
/* End PBXGroup section */

/* Begin PBXNativeTarget section */
		3DE8D6A0243306FD005DF111 /* bbios */ = {
			isa = PBXNativeTarget;
			buildConfigurationList = 3DE8D6CB243306FF005DF111 /* Build configuration list for PBXNativeTarget "bbios" */;
			buildPhases = (
				5F9A50EF9114B9579555FE60 /* [CP] Check Pods Manifest.lock */,
				3DE8D69D243306FD005DF111 /* Sources */,
				3DE8D69E243306FD005DF111 /* Frameworks */,
				3DE8D69F243306FD005DF111 /* Resources */,
				26CA9C44F28483A26739E48E /* [CP] Embed Pods Frameworks */,
			);
			buildRules = (
			);
			dependencies = (
			);
			name = bbios;
			productName = bbios;
			productReference = 3DE8D6A1243306FD005DF111 /* bbios.app */;
			productType = "com.apple.product-type.application";
		};
		3DE8D6B6243306FF005DF111 /* bbiosTests */ = {
			isa = PBXNativeTarget;
			buildConfigurationList = 3DE8D6CE243306FF005DF111 /* Build configuration list for PBXNativeTarget "bbiosTests" */;
			buildPhases = (
				6884B332DB8C47444A7766D5 /* [CP] Check Pods Manifest.lock */,
				3DE8D6B3243306FF005DF111 /* Sources */,
				3DE8D6B4243306FF005DF111 /* Frameworks */,
				3DE8D6B5243306FF005DF111 /* Resources */,
			);
			buildRules = (
			);
			dependencies = (
				3DE8D6B9243306FF005DF111 /* PBXTargetDependency */,
			);
			name = bbiosTests;
			productName = bbiosTests;
			productReference = 3DE8D6B7243306FF005DF111 /* bbiosTests.xctest */;
			productType = "com.apple.product-type.bundle.unit-test";
		};
		3DE8D6C1243306FF005DF111 /* bbiosUITests */ = {
			isa = PBXNativeTarget;
			buildConfigurationList = 3DE8D6D1243306FF005DF111 /* Build configuration list for PBXNativeTarget "bbiosUITests" */;
			buildPhases = (
				DC25ED67DB081768032478BE /* [CP] Check Pods Manifest.lock */,
				3DE8D6BE243306FF005DF111 /* Sources */,
				3DE8D6BF243306FF005DF111 /* Frameworks */,
				3DE8D6C0243306FF005DF111 /* Resources */,
				26953EFA261ADCFD767B9AE6 /* [CP] Embed Pods Frameworks */,
			);
			buildRules = (
			);
			dependencies = (
				3DE8D6C4243306FF005DF111 /* PBXTargetDependency */,
			);
			name = bbiosUITests;
			productName = bbiosUITests;
			productReference = 3DE8D6C2243306FF005DF111 /* bbiosUITests.xctest */;
			productType = "com.apple.product-type.bundle.ui-testing";
		};
/* End PBXNativeTarget section */

/* Begin PBXProject section */
		3DE8D699243306FD005DF111 /* Project object */ = {
			isa = PBXProject;
			attributes = {
				LastSwiftUpdateCheck = 1140;
				LastUpgradeCheck = 1140;
				ORGANIZATIONNAME = "Bento Box";
				TargetAttributes = {
					3DE8D6A0243306FD005DF111 = {
						CreatedOnToolsVersion = 11.4;
					};
					3DE8D6B6243306FF005DF111 = {
						CreatedOnToolsVersion = 11.4;
						TestTargetID = 3DE8D6A0243306FD005DF111;
					};
					3DE8D6C1243306FF005DF111 = {
						CreatedOnToolsVersion = 11.4;
						TestTargetID = 3DE8D6A0243306FD005DF111;
					};
				};
			};
			buildConfigurationList = 3DE8D69C243306FD005DF111 /* Build configuration list for PBXProject "bbios" */;
			compatibilityVersion = "Xcode 9.3";
			developmentRegion = en;
			hasScannedForEncodings = 0;
			knownRegions = (
				en,
				Base,
			);
			mainGroup = 3DE8D698243306FD005DF111;
			productRefGroup = 3DE8D6A2243306FD005DF111 /* Products */;
			projectDirPath = "";
			projectRoot = "";
			targets = (
				3DE8D6A0243306FD005DF111 /* bbios */,
				3DE8D6B6243306FF005DF111 /* bbiosTests */,
				3DE8D6C1243306FF005DF111 /* bbiosUITests */,
			);
		};
/* End PBXProject section */

/* Begin PBXResourcesBuildPhase section */
		3DE8D69F243306FD005DF111 /* Resources */ = {
			isa = PBXResourcesBuildPhase;
			buildActionMask = 2147483647;
			files = (
				3DE8D6B1243306FF005DF111 /* LaunchScreen.storyboard in Resources */,
				3DE8D6D524331153005DF111 /* GoogleService-Info.plist in Resources */,
				3DE8D6AE243306FF005DF111 /* Assets.xcassets in Resources */,
			);
			runOnlyForDeploymentPostprocessing = 0;
		};
		3DE8D6B5243306FF005DF111 /* Resources */ = {
			isa = PBXResourcesBuildPhase;
			buildActionMask = 2147483647;
			files = (
			);
			runOnlyForDeploymentPostprocessing = 0;
		};
		3DE8D6C0243306FF005DF111 /* Resources */ = {
			isa = PBXResourcesBuildPhase;
			buildActionMask = 2147483647;
			files = (
			);
			runOnlyForDeploymentPostprocessing = 0;
		};
/* End PBXResourcesBuildPhase section */

/* Begin PBXShellScriptBuildPhase section */
		26953EFA261ADCFD767B9AE6 /* [CP] Embed Pods Frameworks */ = {
			isa = PBXShellScriptBuildPhase;
			buildActionMask = 2147483647;
			files = (
			);
			inputFileListPaths = (
				"${PODS_ROOT}/Target Support Files/Pods-bbios-bbiosUITests/Pods-bbios-bbiosUITests-frameworks-${CONFIGURATION}-input-files.xcfilelist",
			);
			name = "[CP] Embed Pods Frameworks";
			outputFileListPaths = (
				"${PODS_ROOT}/Target Support Files/Pods-bbios-bbiosUITests/Pods-bbios-bbiosUITests-frameworks-${CONFIGURATION}-output-files.xcfilelist",
			);
			runOnlyForDeploymentPostprocessing = 0;
			shellPath = /bin/sh;
			shellScript = "\"${PODS_ROOT}/Target Support Files/Pods-bbios-bbiosUITests/Pods-bbios-bbiosUITests-frameworks.sh\"\n";
			showEnvVarsInLog = 0;
		};
		26CA9C44F28483A26739E48E /* [CP] Embed Pods Frameworks */ = {
			isa = PBXShellScriptBuildPhase;
			buildActionMask = 2147483647;
			files = (
			);
			inputFileListPaths = (
				"${PODS_ROOT}/Target Support Files/Pods-bbios/Pods-bbios-frameworks-${CONFIGURATION}-input-files.xcfilelist",
			);
			name = "[CP] Embed Pods Frameworks";
			outputFileListPaths = (
				"${PODS_ROOT}/Target Support Files/Pods-bbios/Pods-bbios-frameworks-${CONFIGURATION}-output-files.xcfilelist",
			);
			runOnlyForDeploymentPostprocessing = 0;
			shellPath = /bin/sh;
			shellScript = "\"${PODS_ROOT}/Target Support Files/Pods-bbios/Pods-bbios-frameworks.sh\"\n";
			showEnvVarsInLog = 0;
		};
		5F9A50EF9114B9579555FE60 /* [CP] Check Pods Manifest.lock */ = {
			isa = PBXShellScriptBuildPhase;
			buildActionMask = 2147483647;
			files = (
			);
			inputFileListPaths = (
			);
			inputPaths = (
				"${PODS_PODFILE_DIR_PATH}/Podfile.lock",
				"${PODS_ROOT}/Manifest.lock",
			);
			name = "[CP] Check Pods Manifest.lock";
			outputFileListPaths = (
			);
			outputPaths = (
				"$(DERIVED_FILE_DIR)/Pods-bbios-checkManifestLockResult.txt",
			);
			runOnlyForDeploymentPostprocessing = 0;
			shellPath = /bin/sh;
			shellScript = "diff \"${PODS_PODFILE_DIR_PATH}/Podfile.lock\" \"${PODS_ROOT}/Manifest.lock\" > /dev/null\nif [ $? != 0 ] ; then\n    # print error to STDERR\n    echo \"error: The sandbox is not in sync with the Podfile.lock. Run 'pod install' or update your CocoaPods installation.\" >&2\n    exit 1\nfi\n# This output is used by Xcode 'outputs' to avoid re-running this script phase.\necho \"SUCCESS\" > \"${SCRIPT_OUTPUT_FILE_0}\"\n";
			showEnvVarsInLog = 0;
		};
		6884B332DB8C47444A7766D5 /* [CP] Check Pods Manifest.lock */ = {
			isa = PBXShellScriptBuildPhase;
			buildActionMask = 2147483647;
			files = (
			);
			inputFileListPaths = (
			);
			inputPaths = (
				"${PODS_PODFILE_DIR_PATH}/Podfile.lock",
				"${PODS_ROOT}/Manifest.lock",
			);
			name = "[CP] Check Pods Manifest.lock";
			outputFileListPaths = (
			);
			outputPaths = (
				"$(DERIVED_FILE_DIR)/Pods-bbiosTests-checkManifestLockResult.txt",
			);
			runOnlyForDeploymentPostprocessing = 0;
			shellPath = /bin/sh;
			shellScript = "diff \"${PODS_PODFILE_DIR_PATH}/Podfile.lock\" \"${PODS_ROOT}/Manifest.lock\" > /dev/null\nif [ $? != 0 ] ; then\n    # print error to STDERR\n    echo \"error: The sandbox is not in sync with the Podfile.lock. Run 'pod install' or update your CocoaPods installation.\" >&2\n    exit 1\nfi\n# This output is used by Xcode 'outputs' to avoid re-running this script phase.\necho \"SUCCESS\" > \"${SCRIPT_OUTPUT_FILE_0}\"\n";
			showEnvVarsInLog = 0;
		};
		DC25ED67DB081768032478BE /* [CP] Check Pods Manifest.lock */ = {
			isa = PBXShellScriptBuildPhase;
			buildActionMask = 2147483647;
			files = (
			);
			inputFileListPaths = (
			);
			inputPaths = (
				"${PODS_PODFILE_DIR_PATH}/Podfile.lock",
				"${PODS_ROOT}/Manifest.lock",
			);
			name = "[CP] Check Pods Manifest.lock";
			outputFileListPaths = (
			);
			outputPaths = (
				"$(DERIVED_FILE_DIR)/Pods-bbios-bbiosUITests-checkManifestLockResult.txt",
			);
			runOnlyForDeploymentPostprocessing = 0;
			shellPath = /bin/sh;
			shellScript = "diff \"${PODS_PODFILE_DIR_PATH}/Podfile.lock\" \"${PODS_ROOT}/Manifest.lock\" > /dev/null\nif [ $? != 0 ] ; then\n    # print error to STDERR\n    echo \"error: The sandbox is not in sync with the Podfile.lock. Run 'pod install' or update your CocoaPods installation.\" >&2\n    exit 1\nfi\n# This output is used by Xcode 'outputs' to avoid re-running this script phase.\necho \"SUCCESS\" > \"${SCRIPT_OUTPUT_FILE_0}\"\n";
			showEnvVarsInLog = 0;
		};
/* End PBXShellScriptBuildPhase section */

/* Begin PBXSourcesBuildPhase section */
		3DE8D69D243306FD005DF111 /* Sources */ = {
			isa = PBXSourcesBuildPhase;
			buildActionMask = 2147483647;
			files = (
				3D9CDCD924364D5800C327E5 /* HomeViewController.swift in Sources */,
				3DE8D6A9243306FD005DF111 /* SignupViewController.swift in Sources */,
				3D9CDCDB2436991400C327E5 /* SignInViewController.swift in Sources */,
				3D9CDCD724342F8800C327E5 /* Design.swift in Sources */,
				3DE8D6A5243306FD005DF111 /* AppDelegate.swift in Sources */,
				3DE8D6A7243306FD005DF111 /* SceneDelegate.swift in Sources */,
			);
			runOnlyForDeploymentPostprocessing = 0;
		};
		3DE8D6B3243306FF005DF111 /* Sources */ = {
			isa = PBXSourcesBuildPhase;
			buildActionMask = 2147483647;
			files = (
				3DE8D6BC243306FF005DF111 /* bbiosTests.swift in Sources */,
			);
			runOnlyForDeploymentPostprocessing = 0;
		};
		3DE8D6BE243306FF005DF111 /* Sources */ = {
			isa = PBXSourcesBuildPhase;
			buildActionMask = 2147483647;
			files = (
				3DE8D6C7243306FF005DF111 /* bbiosUITests.swift in Sources */,
			);
			runOnlyForDeploymentPostprocessing = 0;
		};
/* End PBXSourcesBuildPhase section */

/* Begin PBXTargetDependency section */
		3DE8D6B9243306FF005DF111 /* PBXTargetDependency */ = {
			isa = PBXTargetDependency;
			target = 3DE8D6A0243306FD005DF111 /* bbios */;
			targetProxy = 3DE8D6B8243306FF005DF111 /* PBXContainerItemProxy */;
		};
		3DE8D6C4243306FF005DF111 /* PBXTargetDependency */ = {
			isa = PBXTargetDependency;
			target = 3DE8D6A0243306FD005DF111 /* bbios */;
			targetProxy = 3DE8D6C3243306FF005DF111 /* PBXContainerItemProxy */;
		};
/* End PBXTargetDependency section */

/* Begin PBXVariantGroup section */
		3DE8D6AF243306FF005DF111 /* LaunchScreen.storyboard */ = {
			isa = PBXVariantGroup;
			children = (
				3DE8D6B0243306FF005DF111 /* Base */,
			);
			name = LaunchScreen.storyboard;
			sourceTree = "<group>";
		};
/* End PBXVariantGroup section */

/* Begin XCBuildConfiguration section */
		3DE8D6C9243306FF005DF111 /* Debug */ = {
			isa = XCBuildConfiguration;
			buildSettings = {
				ALWAYS_SEARCH_USER_PATHS = NO;
				CLANG_ANALYZER_NONNULL = YES;
				CLANG_ANALYZER_NUMBER_OBJECT_CONVERSION = YES_AGGRESSIVE;
				CLANG_CXX_LANGUAGE_STANDARD = "gnu++14";
				CLANG_CXX_LIBRARY = "libc++";
				CLANG_ENABLE_MODULES = YES;
				CLANG_ENABLE_OBJC_ARC = YES;
				CLANG_ENABLE_OBJC_WEAK = YES;
				CLANG_WARN_BLOCK_CAPTURE_AUTORELEASING = YES;
				CLANG_WARN_BOOL_CONVERSION = YES;
				CLANG_WARN_COMMA = YES;
				CLANG_WARN_CONSTANT_CONVERSION = YES;
				CLANG_WARN_DEPRECATED_OBJC_IMPLEMENTATIONS = YES;
				CLANG_WARN_DIRECT_OBJC_ISA_USAGE = YES_ERROR;
				CLANG_WARN_DOCUMENTATION_COMMENTS = YES;
				CLANG_WARN_EMPTY_BODY = YES;
				CLANG_WARN_ENUM_CONVERSION = YES;
				CLANG_WARN_INFINITE_RECURSION = YES;
				CLANG_WARN_INT_CONVERSION = YES;
				CLANG_WARN_NON_LITERAL_NULL_CONVERSION = YES;
				CLANG_WARN_OBJC_IMPLICIT_RETAIN_SELF = YES;
				CLANG_WARN_OBJC_LITERAL_CONVERSION = YES;
				CLANG_WARN_OBJC_ROOT_CLASS = YES_ERROR;
				CLANG_WARN_RANGE_LOOP_ANALYSIS = YES;
				CLANG_WARN_STRICT_PROTOTYPES = YES;
				CLANG_WARN_SUSPICIOUS_MOVE = YES;
				CLANG_WARN_UNGUARDED_AVAILABILITY = YES_AGGRESSIVE;
				CLANG_WARN_UNREACHABLE_CODE = YES;
				CLANG_WARN__DUPLICATE_METHOD_MATCH = YES;
				COPY_PHASE_STRIP = NO;
				DEBUG_INFORMATION_FORMAT = dwarf;
				ENABLE_STRICT_OBJC_MSGSEND = YES;
				ENABLE_TESTABILITY = YES;
				GCC_C_LANGUAGE_STANDARD = gnu11;
				GCC_DYNAMIC_NO_PIC = NO;
				GCC_NO_COMMON_BLOCKS = YES;
				GCC_OPTIMIZATION_LEVEL = 0;
				GCC_PREPROCESSOR_DEFINITIONS = (
					"DEBUG=1",
					"$(inherited)",
				);
				GCC_WARN_64_TO_32_BIT_CONVERSION = YES;
				GCC_WARN_ABOUT_RETURN_TYPE = YES_ERROR;
				GCC_WARN_UNDECLARED_SELECTOR = YES;
				GCC_WARN_UNINITIALIZED_AUTOS = YES_AGGRESSIVE;
				GCC_WARN_UNUSED_FUNCTION = YES;
				GCC_WARN_UNUSED_VARIABLE = YES;
				IPHONEOS_DEPLOYMENT_TARGET = 13.4;
				MTL_ENABLE_DEBUG_INFO = INCLUDE_SOURCE;
				MTL_FAST_MATH = YES;
				ONLY_ACTIVE_ARCH = YES;
				SDKROOT = iphoneos;
				SWIFT_ACTIVE_COMPILATION_CONDITIONS = DEBUG;
				SWIFT_OPTIMIZATION_LEVEL = "-Onone";
			};
			name = Debug;
		};
		3DE8D6CA243306FF005DF111 /* Release */ = {
			isa = XCBuildConfiguration;
			buildSettings = {
				ALWAYS_SEARCH_USER_PATHS = NO;
				CLANG_ANALYZER_NONNULL = YES;
				CLANG_ANALYZER_NUMBER_OBJECT_CONVERSION = YES_AGGRESSIVE;
				CLANG_CXX_LANGUAGE_STANDARD = "gnu++14";
				CLANG_CXX_LIBRARY = "libc++";
				CLANG_ENABLE_MODULES = YES;
				CLANG_ENABLE_OBJC_ARC = YES;
				CLANG_ENABLE_OBJC_WEAK = YES;
				CLANG_WARN_BLOCK_CAPTURE_AUTORELEASING = YES;
				CLANG_WARN_BOOL_CONVERSION = YES;
				CLANG_WARN_COMMA = YES;
				CLANG_WARN_CONSTANT_CONVERSION = YES;
				CLANG_WARN_DEPRECATED_OBJC_IMPLEMENTATIONS = YES;
				CLANG_WARN_DIRECT_OBJC_ISA_USAGE = YES_ERROR;
				CLANG_WARN_DOCUMENTATION_COMMENTS = YES;
				CLANG_WARN_EMPTY_BODY = YES;
				CLANG_WARN_ENUM_CONVERSION = YES;
				CLANG_WARN_INFINITE_RECURSION = YES;
				CLANG_WARN_INT_CONVERSION = YES;
				CLANG_WARN_NON_LITERAL_NULL_CONVERSION = YES;
				CLANG_WARN_OBJC_IMPLICIT_RETAIN_SELF = YES;
				CLANG_WARN_OBJC_LITERAL_CONVERSION = YES;
				CLANG_WARN_OBJC_ROOT_CLASS = YES_ERROR;
				CLANG_WARN_RANGE_LOOP_ANALYSIS = YES;
				CLANG_WARN_STRICT_PROTOTYPES = YES;
				CLANG_WARN_SUSPICIOUS_MOVE = YES;
				CLANG_WARN_UNGUARDED_AVAILABILITY = YES_AGGRESSIVE;
				CLANG_WARN_UNREACHABLE_CODE = YES;
				CLANG_WARN__DUPLICATE_METHOD_MATCH = YES;
				COPY_PHASE_STRIP = NO;
				DEBUG_INFORMATION_FORMAT = "dwarf-with-dsym";
				ENABLE_NS_ASSERTIONS = NO;
				ENABLE_STRICT_OBJC_MSGSEND = YES;
				GCC_C_LANGUAGE_STANDARD = gnu11;
				GCC_NO_COMMON_BLOCKS = YES;
				GCC_WARN_64_TO_32_BIT_CONVERSION = YES;
				GCC_WARN_ABOUT_RETURN_TYPE = YES_ERROR;
				GCC_WARN_UNDECLARED_SELECTOR = YES;
				GCC_WARN_UNINITIALIZED_AUTOS = YES_AGGRESSIVE;
				GCC_WARN_UNUSED_FUNCTION = YES;
				GCC_WARN_UNUSED_VARIABLE = YES;
				IPHONEOS_DEPLOYMENT_TARGET = 13.4;
				MTL_ENABLE_DEBUG_INFO = NO;
				MTL_FAST_MATH = YES;
				SDKROOT = iphoneos;
				SWIFT_COMPILATION_MODE = wholemodule;
				SWIFT_OPTIMIZATION_LEVEL = "-O";
				VALIDATE_PRODUCT = YES;
			};
			name = Release;
		};
		3DE8D6CC243306FF005DF111 /* Debug */ = {
			isa = XCBuildConfiguration;
			baseConfigurationReference = CF117A31DCAC62F0FFD350A9 /* Pods-bbios.debug.xcconfig */;
			buildSettings = {
				ASSETCATALOG_COMPILER_APPICON_NAME = AppIcon;
				CODE_SIGN_STYLE = Automatic;
				INFOPLIST_FILE = bbios/Info.plist;
				LD_RUNPATH_SEARCH_PATHS = (
					"$(inherited)",
					"@executable_path/Frameworks",
				);
				PRODUCT_BUNDLE_IDENTIFIER = swashbuckle.bbios;
				PRODUCT_NAME = "$(TARGET_NAME)";
				SWIFT_VERSION = 5.0;
				TARGETED_DEVICE_FAMILY = "1,2";
			};
			name = Debug;
		};
		3DE8D6CD243306FF005DF111 /* Release */ = {
			isa = XCBuildConfiguration;
			baseConfigurationReference = AA2344CB148EB1D9D021E50F /* Pods-bbios.release.xcconfig */;
			buildSettings = {
				ASSETCATALOG_COMPILER_APPICON_NAME = AppIcon;
				CODE_SIGN_STYLE = Automatic;
				INFOPLIST_FILE = bbios/Info.plist;
				LD_RUNPATH_SEARCH_PATHS = (
					"$(inherited)",
					"@executable_path/Frameworks",
				);
				PRODUCT_BUNDLE_IDENTIFIER = swashbuckle.bbios;
				PRODUCT_NAME = "$(TARGET_NAME)";
				SWIFT_VERSION = 5.0;
				TARGETED_DEVICE_FAMILY = "1,2";
			};
			name = Release;
		};
		3DE8D6CF243306FF005DF111 /* Debug */ = {
			isa = XCBuildConfiguration;
			baseConfigurationReference = 461043F11846A328B187366B /* Pods-bbiosTests.debug.xcconfig */;
			buildSettings = {
				ALWAYS_EMBED_SWIFT_STANDARD_LIBRARIES = YES;
				BUNDLE_LOADER = "$(TEST_HOST)";
				CODE_SIGN_STYLE = Automatic;
				INFOPLIST_FILE = bbiosTests/Info.plist;
				IPHONEOS_DEPLOYMENT_TARGET = 13.4;
				LD_RUNPATH_SEARCH_PATHS = (
					"$(inherited)",
					"@executable_path/Frameworks",
					"@loader_path/Frameworks",
				);
				PRODUCT_BUNDLE_IDENTIFIER = swashbuckle.bbiosTests;
				PRODUCT_NAME = "$(TARGET_NAME)";
				SWIFT_VERSION = 5.0;
				TARGETED_DEVICE_FAMILY = "1,2";
				TEST_HOST = "$(BUILT_PRODUCTS_DIR)/bbios.app/bbios";
			};
			name = Debug;
		};
		3DE8D6D0243306FF005DF111 /* Release */ = {
			isa = XCBuildConfiguration;
			baseConfigurationReference = F9F76EE74A46F2F82A542292 /* Pods-bbiosTests.release.xcconfig */;
			buildSettings = {
				ALWAYS_EMBED_SWIFT_STANDARD_LIBRARIES = YES;
				BUNDLE_LOADER = "$(TEST_HOST)";
				CODE_SIGN_STYLE = Automatic;
				INFOPLIST_FILE = bbiosTests/Info.plist;
				IPHONEOS_DEPLOYMENT_TARGET = 13.4;
				LD_RUNPATH_SEARCH_PATHS = (
					"$(inherited)",
					"@executable_path/Frameworks",
					"@loader_path/Frameworks",
				);
				PRODUCT_BUNDLE_IDENTIFIER = swashbuckle.bbiosTests;
				PRODUCT_NAME = "$(TARGET_NAME)";
				SWIFT_VERSION = 5.0;
				TARGETED_DEVICE_FAMILY = "1,2";
				TEST_HOST = "$(BUILT_PRODUCTS_DIR)/bbios.app/bbios";
			};
			name = Release;
		};
		3DE8D6D2243306FF005DF111 /* Debug */ = {
			isa = XCBuildConfiguration;
			baseConfigurationReference = 77F92568EBF823B9123D9087 /* Pods-bbios-bbiosUITests.debug.xcconfig */;
			buildSettings = {
				ALWAYS_EMBED_SWIFT_STANDARD_LIBRARIES = YES;
				CODE_SIGN_STYLE = Automatic;
				INFOPLIST_FILE = bbiosUITests/Info.plist;
				LD_RUNPATH_SEARCH_PATHS = (
					"$(inherited)",
					"@executable_path/Frameworks",
					"@loader_path/Frameworks",
				);
				PRODUCT_BUNDLE_IDENTIFIER = swashbuckle.bbiosUITests;
				PRODUCT_NAME = "$(TARGET_NAME)";
				SWIFT_VERSION = 5.0;
				TARGETED_DEVICE_FAMILY = "1,2";
				TEST_TARGET_NAME = bbios;
			};
			name = Debug;
		};
		3DE8D6D3243306FF005DF111 /* Release */ = {
			isa = XCBuildConfiguration;
			baseConfigurationReference = CF92DCEC8C0977F9ABAF27DE /* Pods-bbios-bbiosUITests.release.xcconfig */;
			buildSettings = {
				ALWAYS_EMBED_SWIFT_STANDARD_LIBRARIES = YES;
				CODE_SIGN_STYLE = Automatic;
				INFOPLIST_FILE = bbiosUITests/Info.plist;
				LD_RUNPATH_SEARCH_PATHS = (
					"$(inherited)",
					"@executable_path/Frameworks",
					"@loader_path/Frameworks",
				);
				PRODUCT_BUNDLE_IDENTIFIER = swashbuckle.bbiosUITests;
				PRODUCT_NAME = "$(TARGET_NAME)";
				SWIFT_VERSION = 5.0;
				TARGETED_DEVICE_FAMILY = "1,2";
				TEST_TARGET_NAME = bbios;
			};
			name = Release;
		};
/* End XCBuildConfiguration section */

/* Begin XCConfigurationList section */
		3DE8D69C243306FD005DF111 /* Build configuration list for PBXProject "bbios" */ = {
			isa = XCConfigurationList;
			buildConfigurations = (
				3DE8D6C9243306FF005DF111 /* Debug */,
				3DE8D6CA243306FF005DF111 /* Release */,
			);
			defaultConfigurationIsVisible = 0;
			defaultConfigurationName = Release;
		};
		3DE8D6CB243306FF005DF111 /* Build configuration list for PBXNativeTarget "bbios" */ = {
			isa = XCConfigurationList;
			buildConfigurations = (
				3DE8D6CC243306FF005DF111 /* Debug */,
				3DE8D6CD243306FF005DF111 /* Release */,
			);
			defaultConfigurationIsVisible = 0;
			defaultConfigurationName = Release;
		};
		3DE8D6CE243306FF005DF111 /* Build configuration list for PBXNativeTarget "bbiosTests" */ = {
			isa = XCConfigurationList;
			buildConfigurations = (
				3DE8D6CF243306FF005DF111 /* Debug */,
				3DE8D6D0243306FF005DF111 /* Release */,
			);
			defaultConfigurationIsVisible = 0;
			defaultConfigurationName = Release;
		};
		3DE8D6D1243306FF005DF111 /* Build configuration list for PBXNativeTarget "bbiosUITests" */ = {
			isa = XCConfigurationList;
			buildConfigurations = (
				3DE8D6D2243306FF005DF111 /* Debug */,
				3DE8D6D3243306FF005DF111 /* Release */,
			);
			defaultConfigurationIsVisible = 0;
			defaultConfigurationName = Release;
		};
/* End XCConfigurationList section */
	};
	rootObject = 3DE8D699243306FD005DF111 /* Project object */;
}
